// !$*UTF8*$!
{
	archiveVersion = 1;
	classes = {
	};
	objectVersion = 55;
	objects = {

/* Begin PBXBuildFile section */
		A5BAEAC4279AB55400FDB95A /* AppDelegate.swift in Sources */ = {isa = PBXBuildFile; fileRef = A5BAEAC3279AB55400FDB95A /* AppDelegate.swift */; };
		A5BAEAC6279AB55400FDB95A /* SceneDelegate.swift in Sources */ = {isa = PBXBuildFile; fileRef = A5BAEAC5279AB55400FDB95A /* SceneDelegate.swift */; };
		A5BAEACB279AB55400FDB95A /* Main.storyboard in Resources */ = {isa = PBXBuildFile; fileRef = A5BAEAC9279AB55400FDB95A /* Main.storyboard */; };
		A5BAEACD279AB55C00FDB95A /* Assets.xcassets in Resources */ = {isa = PBXBuildFile; fileRef = A5BAEACC279AB55C00FDB95A /* Assets.xcassets */; };
		A5BAEAD0279AB55C00FDB95A /* LaunchScreen.storyboard in Resources */ = {isa = PBXBuildFile; fileRef = A5BAEACE279AB55C00FDB95A /* LaunchScreen.storyboard */; };
		A5BAEADB279AB64200FDB95A /* UsersTableViewController.swift in Sources */ = {isa = PBXBuildFile; fileRef = A5BAEADA279AB64200FDB95A /* UsersTableViewController.swift */; };
		A5BAEADF279AB6B100FDB95A /* APiRequest.swift in Sources */ = {isa = PBXBuildFile; fileRef = A5BAEADE279AB6B100FDB95A /* APiRequest.swift */; };
		A5BAEAE1279AB9CB00FDB95A /* Users.swift in Sources */ = {isa = PBXBuildFile; fileRef = A5BAEAE0279AB9CB00FDB95A /* Users.swift */; };
		A5BAEAE3279ABA0800FDB95A /* Photos.swift in Sources */ = {isa = PBXBuildFile; fileRef = A5BAEAE2279ABA0800FDB95A /* Photos.swift */; };
		A5BAEAE5279ABA6400FDB95A /* Albums.swift in Sources */ = {isa = PBXBuildFile; fileRef = A5BAEAE4279ABA6400FDB95A /* Albums.swift */; };
		A5BAEAE7279ABAE200FDB95A /* APIManager.swift in Sources */ = {isa = PBXBuildFile; fileRef = A5BAEAE6279ABAE200FDB95A /* APIManager.swift */; };
/* End PBXBuildFile section */

/* Begin PBXFileReference section */
		A5BAEAC0279AB55400FDB95A /* TestTaskPhoto.app */ = {isa = PBXFileReference; explicitFileType = wrapper.application; includeInIndex = 0; path = TestTaskPhoto.app; sourceTree = BUILT_PRODUCTS_DIR; };
		A5BAEAC3279AB55400FDB95A /* AppDelegate.swift */ = {isa = PBXFileReference; lastKnownFileType = sourcecode.swift; path = AppDelegate.swift; sourceTree = "<group>"; };
		A5BAEAC5279AB55400FDB95A /* SceneDelegate.swift */ = {isa = PBXFileReference; lastKnownFileType = sourcecode.swift; path = SceneDelegate.swift; sourceTree = "<group>"; };
		A5BAEACA279AB55400FDB95A /* Base */ = {isa = PBXFileReference; lastKnownFileType = file.storyboard; name = Base; path = Base.lproj/Main.storyboard; sourceTree = "<group>"; };
		A5BAEACC279AB55C00FDB95A /* Assets.xcassets */ = {isa = PBXFileReference; lastKnownFileType = folder.assetcatalog; path = Assets.xcassets; sourceTree = "<group>"; };
		A5BAEACF279AB55C00FDB95A /* Base */ = {isa = PBXFileReference; lastKnownFileType = file.storyboard; name = Base; path = Base.lproj/LaunchScreen.storyboard; sourceTree = "<group>"; };
		A5BAEAD1279AB55C00FDB95A /* Info.plist */ = {isa = PBXFileReference; lastKnownFileType = text.plist.xml; path = Info.plist; sourceTree = "<group>"; };
		A5BAEADA279AB64200FDB95A /* UsersTableViewController.swift */ = {isa = PBXFileReference; lastKnownFileType = sourcecode.swift; path = UsersTableViewController.swift; sourceTree = "<group>"; };
		A5BAEADE279AB6B100FDB95A /* APiRequest.swift */ = {isa = PBXFileReference; lastKnownFileType = sourcecode.swift; path = APiRequest.swift; sourceTree = "<group>"; };
		A5BAEAE0279AB9CB00FDB95A /* Users.swift */ = {isa = PBXFileReference; lastKnownFileType = sourcecode.swift; path = Users.swift; sourceTree = "<group>"; };
		A5BAEAE2279ABA0800FDB95A /* Photos.swift */ = {isa = PBXFileReference; lastKnownFileType = sourcecode.swift; path = Photos.swift; sourceTree = "<group>"; };
		A5BAEAE4279ABA6400FDB95A /* Albums.swift */ = {isa = PBXFileReference; lastKnownFileType = sourcecode.swift; path = Albums.swift; sourceTree = "<group>"; };
		A5BAEAE6279ABAE200FDB95A /* APIManager.swift */ = {isa = PBXFileReference; lastKnownFileType = sourcecode.swift; path = APIManager.swift; sourceTree = "<group>"; };
/* End PBXFileReference section */

/* Begin PBXFrameworksBuildPhase section */
		A5BAEABD279AB55400FDB95A /* Frameworks */ = {
			isa = PBXFrameworksBuildPhase;
			buildActionMask = 2147483647;
			files = (
			);
			runOnlyForDeploymentPostprocessing = 0;
		};
/* End PBXFrameworksBuildPhase section */

/* Begin PBXGroup section */
		A5BAEAB7279AB55400FDB95A = {
			isa = PBXGroup;
			children = (
				A5BAEAC2279AB55400FDB95A /* TestTaskPhoto */,
				A5BAEAC1279AB55400FDB95A /* Products */,
			);
			sourceTree = "<group>";
		};
		A5BAEAC1279AB55400FDB95A /* Products */ = {
			isa = PBXGroup;
			children = (
				A5BAEAC0279AB55400FDB95A /* TestTaskPhoto.app */,
			);
			name = Products;
			sourceTree = "<group>";
		};
		A5BAEAC2279AB55400FDB95A /* TestTaskPhoto */ = {
			isa = PBXGroup;
			children = (
				A5BAEADD279AB68000FDB95A /* Model */,
				A5BAEAD9279AB61000FDB95A /* Controller */,
				A5BAEAD8279AB60400FDB95A /* Resources */,
				A5BAEAD7279AB5FD00FDB95A /* View */,
				A5BAEACC279AB55C00FDB95A /* Assets.xcassets */,
				A5BAEAD1279AB55C00FDB95A /* Info.plist */,
			);
			path = TestTaskPhoto;
			sourceTree = "<group>";
		};
		A5BAEAD7279AB5FD00FDB95A /* View */ = {
			isa = PBXGroup;
			children = (
				A5BAEAC9279AB55400FDB95A /* Main.storyboard */,
				A5BAEACE279AB55C00FDB95A /* LaunchScreen.storyboard */,
			);
			path = View;
			sourceTree = "<group>";
		};
		A5BAEAD8279AB60400FDB95A /* Resources */ = {
			isa = PBXGroup;
			children = (
				A5BAEADC279AB66C00FDB95A /* API */,
				A5BAEAC3279AB55400FDB95A /* AppDelegate.swift */,
				A5BAEAC5279AB55400FDB95A /* SceneDelegate.swift */,
			);
			path = Resources;
			sourceTree = "<group>";
		};
		A5BAEAD9279AB61000FDB95A /* Controller */ = {
			isa = PBXGroup;
			children = (
				A5BAEADA279AB64200FDB95A /* UsersTableViewController.swift */,
			);
			path = Controller;
			sourceTree = "<group>";
		};
		A5BAEADC279AB66C00FDB95A /* API */ = {
			isa = PBXGroup;
			children = (
				A5BAEADE279AB6B100FDB95A /* APiRequest.swift */,
				A5BAEAE6279ABAE200FDB95A /* APIManager.swift */,
			);
			path = API;
			sourceTree = "<group>";
		};
		A5BAEADD279AB68000FDB95A /* Model */ = {
			isa = PBXGroup;
			children = (
				A5BAEAE0279AB9CB00FDB95A /* Users.swift */,
				A5BAEAE2279ABA0800FDB95A /* Photos.swift */,
				A5BAEAE4279ABA6400FDB95A /* Albums.swift */,
			);
			path = Model;
			sourceTree = "<group>";
		};
/* End PBXGroup section */

/* Begin PBXNativeTarget section */
		A5BAEABF279AB55400FDB95A /* TestTaskPhoto */ = {
			isa = PBXNativeTarget;
			buildConfigurationList = A5BAEAD4279AB55C00FDB95A /* Build configuration list for PBXNativeTarget "TestTaskPhoto" */;
			buildPhases = (
				A5BAEABC279AB55400FDB95A /* Sources */,
				A5BAEABD279AB55400FDB95A /* Frameworks */,
				A5BAEABE279AB55400FDB95A /* Resources */,
			);
			buildRules = (
			);
			dependencies = (
			);
			name = TestTaskPhoto;
			productName = TestTaskPhoto;
			productReference = A5BAEAC0279AB55400FDB95A /* TestTaskPhoto.app */;
			productType = "com.apple.product-type.application";
		};
/* End PBXNativeTarget section */

/* Begin PBXProject section */
		A5BAEAB8279AB55400FDB95A /* Project object */ = {
			isa = PBXProject;
			attributes = {
				BuildIndependentTargetsInParallel = 1;
				LastSwiftUpdateCheck = 1300;
				LastUpgradeCheck = 1300;
				TargetAttributes = {
					A5BAEABF279AB55400FDB95A = {
						CreatedOnToolsVersion = 13.0;
					};
				};
			};
			buildConfigurationList = A5BAEABB279AB55400FDB95A /* Build configuration list for PBXProject "TestTaskPhoto" */;
			compatibilityVersion = "Xcode 13.0";
			developmentRegion = en;
			hasScannedForEncodings = 0;
			knownRegions = (
				en,
				Base,
			);
			mainGroup = A5BAEAB7279AB55400FDB95A;
			productRefGroup = A5BAEAC1279AB55400FDB95A /* Products */;
			projectDirPath = "";
			projectRoot = "";
			targets = (
				A5BAEABF279AB55400FDB95A /* TestTaskPhoto */,
			);
		};
/* End PBXProject section */

/* Begin PBXResourcesBuildPhase section */
		A5BAEABE279AB55400FDB95A /* Resources */ = {
			isa = PBXResourcesBuildPhase;
			buildActionMask = 2147483647;
			files = (
				A5BAEAD0279AB55C00FDB95A /* LaunchScreen.storyboard in Resources */,
				A5BAEACD279AB55C00FDB95A /* Assets.xcassets in Resources */,
				A5BAEACB279AB55400FDB95A /* Main.storyboard in Resources */,
			);
			runOnlyForDeploymentPostprocessing = 0;
		};
/* End PBXResourcesBuildPhase section */

/* Begin PBXSourcesBuildPhase section */
		A5BAEABC279AB55400FDB95A /* Sources */ = {
			isa = PBXSourcesBuildPhase;
			buildActionMask = 2147483647;
			files = (
				A5BAEAE7279ABAE200FDB95A /* APIManager.swift in Sources */,
				A5BAEAE3279ABA0800FDB95A /* Photos.swift in Sources */,
				A5BAEAC4279AB55400FDB95A /* AppDelegate.swift in Sources */,
				A5BAEAC6279AB55400FDB95A /* SceneDelegate.swift in Sources */,
				A5BAEAE1279AB9CB00FDB95A /* Users.swift in Sources */,
				A5BAEAE5279ABA6400FDB95A /* Albums.swift in Sources */,
				A5BAEADF279AB6B100FDB95A /* APiRequest.swift in Sources */,
				A5BAEADB279AB64200FDB95A /* UsersTableViewController.swift in Sources */,
			);
			runOnlyForDeploymentPostprocessing = 0;
		};
/* End PBXSourcesBuildPhase section */

/* Begin PBXVariantGroup section */
		A5BAEAC9279AB55400FDB95A /* Main.storyboard */ = {
			isa = PBXVariantGroup;
			children = (
				A5BAEACA279AB55400FDB95A /* Base */,
			);
			name = Main.storyboard;
			sourceTree = "<group>";
		};
		A5BAEACE279AB55C00FDB95A /* LaunchScreen.storyboard */ = {
			isa = PBXVariantGroup;
			children = (
				A5BAEACF279AB55C00FDB95A /* Base */,
			);
			name = LaunchScreen.storyboard;
			sourceTree = "<group>";
		};
/* End PBXVariantGroup section */

/* Begin XCBuildConfiguration section */
		A5BAEAD2279AB55C00FDB95A /* Debug */ = {
			isa = XCBuildConfiguration;
			buildSettings = {
				ALWAYS_SEARCH_USER_PATHS = NO;
				CLANG_ANALYZER_NONNULL = YES;
				CLANG_ANALYZER_NUMBER_OBJECT_CONVERSION = YES_AGGRESSIVE;
				CLANG_CXX_LANGUAGE_STANDARD = "gnu++17";
				CLANG_CXX_LIBRARY = "libc++";
				CLANG_ENABLE_MODULES = YES;
				CLANG_ENABLE_OBJC_ARC = YES;
				CLANG_ENABLE_OBJC_WEAK = YES;
				CLANG_WARN_BLOCK_CAPTURE_AUTORELEASING = YES;
				CLANG_WARN_BOOL_CONVERSION = YES;
				CLANG_WARN_COMMA = YES;
				CLANG_WARN_CONSTANT_CONVERSION = YES;
				CLANG_WARN_DEPRECATED_OBJC_IMPLEMENTATIONS = YES;
				CLANG_WARN_DIRECT_OBJC_ISA_USAGE = YES_ERROR;
				CLANG_WARN_DOCUMENTATION_COMMENTS = YES;
				CLANG_WARN_EMPTY_BODY = YES;
				CLANG_WARN_ENUM_CONVERSION = YES;
				CLANG_WARN_INFINITE_RECURSION = YES;
				CLANG_WARN_INT_CONVERSION = YES;
				CLANG_WARN_NON_LITERAL_NULL_CONVERSION = YES;
				CLANG_WARN_OBJC_IMPLICIT_RETAIN_SELF = YES;
				CLANG_WARN_OBJC_LITERAL_CONVERSION = YES;
				CLANG_WARN_OBJC_ROOT_CLASS = YES_ERROR;
				CLANG_WARN_QUOTED_INCLUDE_IN_FRAMEWORK_HEADER = YES;
				CLANG_WARN_RANGE_LOOP_ANALYSIS = YES;
				CLANG_WARN_STRICT_PROTOTYPES = YES;
				CLANG_WARN_SUSPICIOUS_MOVE = YES;
				CLANG_WARN_UNGUARDED_AVAILABILITY = YES_AGGRESSIVE;
				CLANG_WARN_UNREACHABLE_CODE = YES;
				CLANG_WARN__DUPLICATE_METHOD_MATCH = YES;
				COPY_PHASE_STRIP = NO;
				DEBUG_INFORMATION_FORMAT = dwarf;
				ENABLE_STRICT_OBJC_MSGSEND = YES;
				ENABLE_TESTABILITY = YES;
				GCC_C_LANGUAGE_STANDARD = gnu11;
				GCC_DYNAMIC_NO_PIC = NO;
				GCC_NO_COMMON_BLOCKS = YES;
				GCC_OPTIMIZATION_LEVEL = 0;
				GCC_PREPROCESSOR_DEFINITIONS = (
					"DEBUG=1",
					"$(inherited)",
				);
				GCC_WARN_64_TO_32_BIT_CONVERSION = YES;
				GCC_WARN_ABOUT_RETURN_TYPE = YES_ERROR;
				GCC_WARN_UNDECLARED_SELECTOR = YES;
				GCC_WARN_UNINITIALIZED_AUTOS = YES_AGGRESSIVE;
				GCC_WARN_UNUSED_FUNCTION = YES;
				GCC_WARN_UNUSED_VARIABLE = YES;
				IPHONEOS_DEPLOYMENT_TARGET = 15.0;
				MTL_ENABLE_DEBUG_INFO = INCLUDE_SOURCE;
				MTL_FAST_MATH = YES;
				ONLY_ACTIVE_ARCH = YES;
				SDKROOT = iphoneos;
				SWIFT_ACTIVE_COMPILATION_CONDITIONS = DEBUG;
				SWIFT_OPTIMIZATION_LEVEL = "-Onone";
			};
			name = Debug;
		};
		A5BAEAD3279AB55C00FDB95A /* Release */ = {
			isa = XCBuildConfiguration;
			buildSettings = {
				ALWAYS_SEARCH_USER_PATHS = NO;
				CLANG_ANALYZER_NONNULL = YES;
				CLANG_ANALYZER_NUMBER_OBJECT_CONVERSION = YES_AGGRESSIVE;
				CLANG_CXX_LANGUAGE_STANDARD = "gnu++17";
				CLANG_CXX_LIBRARY = "libc++";
				CLANG_ENABLE_MODULES = YES;
				CLANG_ENABLE_OBJC_ARC = YES;
				CLANG_ENABLE_OBJC_WEAK = YES;
				CLANG_WARN_BLOCK_CAPTURE_AUTORELEASING = YES;
				CLANG_WARN_BOOL_CONVERSION = YES;
				CLANG_WARN_COMMA = YES;
				CLANG_WARN_CONSTANT_CONVERSION = YES;
				CLANG_WARN_DEPRECATED_OBJC_IMPLEMENTATIONS = YES;
				CLANG_WARN_DIRECT_OBJC_ISA_USAGE = YES_ERROR;
				CLANG_WARN_DOCUMENTATION_COMMENTS = YES;
				CLANG_WARN_EMPTY_BODY = YES;
				CLANG_WARN_ENUM_CONVERSION = YES;
				CLANG_WARN_INFINITE_RECURSION = YES;
				CLANG_WARN_INT_CONVERSION = YES;
				CLANG_WARN_NON_LITERAL_NULL_CONVERSION = YES;
				CLANG_WARN_OBJC_IMPLICIT_RETAIN_SELF = YES;
				CLANG_WARN_OBJC_LITERAL_CONVERSION = YES;
				CLANG_WARN_OBJC_ROOT_CLASS = YES_ERROR;
				CLANG_WARN_QUOTED_INCLUDE_IN_FRAMEWORK_HEADER = YES;
				CLANG_WARN_RANGE_LOOP_ANALYSIS = YES;
				CLANG_WARN_STRICT_PROTOTYPES = YES;
				CLANG_WARN_SUSPICIOUS_MOVE = YES;
				CLANG_WARN_UNGUARDED_AVAILABILITY = YES_AGGRESSIVE;
				CLANG_WARN_UNREACHABLE_CODE = YES;
				CLANG_WARN__DUPLICATE_METHOD_MATCH = YES;
				COPY_PHASE_STRIP = NO;
				DEBUG_INFORMATION_FORMAT = "dwarf-with-dsym";
				ENABLE_NS_ASSERTIONS = NO;
				ENABLE_STRICT_OBJC_MSGSEND = YES;
				GCC_C_LANGUAGE_STANDARD = gnu11;
				GCC_NO_COMMON_BLOCKS = YES;
				GCC_WARN_64_TO_32_BIT_CONVERSION = YES;
				GCC_WARN_ABOUT_RETURN_TYPE = YES_ERROR;
				GCC_WARN_UNDECLARED_SELECTOR = YES;
				GCC_WARN_UNINITIALIZED_AUTOS = YES_AGGRESSIVE;
				GCC_WARN_UNUSED_FUNCTION = YES;
				GCC_WARN_UNUSED_VARIABLE = YES;
				IPHONEOS_DEPLOYMENT_TARGET = 15.0;
				MTL_ENABLE_DEBUG_INFO = NO;
				MTL_FAST_MATH = YES;
				SDKROOT = iphoneos;
				SWIFT_COMPILATION_MODE = wholemodule;
				SWIFT_OPTIMIZATION_LEVEL = "-O";
				VALIDATE_PRODUCT = YES;
			};
			name = Release;
		};
		A5BAEAD5279AB55C00FDB95A /* Debug */ = {
			isa = XCBuildConfiguration;
			buildSettings = {
				ASSETCATALOG_COMPILER_APPICON_NAME = AppIcon;
				ASSETCATALOG_COMPILER_GLOBAL_ACCENT_COLOR_NAME = AccentColor;
				CODE_SIGN_STYLE = Automatic;
				CURRENT_PROJECT_VERSION = 1;
				DEVELOPMENT_TEAM = S38J3MCDE3;
				GENERATE_INFOPLIST_FILE = YES;
				INFOPLIST_FILE = TestTaskPhoto/Info.plist;
				INFOPLIST_KEY_UIApplicationSupportsIndirectInputEvents = YES;
				INFOPLIST_KEY_UILaunchStoryboardName = LaunchScreen;
				INFOPLIST_KEY_UIMainStoryboardFile = Main;
				INFOPLIST_KEY_UISupportedInterfaceOrientations_iPad = "UIInterfaceOrientationPortrait UIInterfaceOrientationPortraitUpsideDown UIInterfaceOrientationLandscapeLeft UIInterfaceOrientationLandscapeRight";
				INFOPLIST_KEY_UISupportedInterfaceOrientations_iPhone = "UIInterfaceOrientationPortrait UIInterfaceOrientationLandscapeLeft UIInterfaceOrientationLandscapeRight";
				LD_RUNPATH_SEARCH_PATHS = (
					"$(inherited)",
					"@executable_path/Frameworks",
				);
				MARKETING_VERSION = 1.0;
				PRODUCT_BUNDLE_IDENTIFIER = Fourteen.TestTaskPhoto;
				PRODUCT_NAME = "$(TARGET_NAME)";
				SWIFT_EMIT_LOC_STRINGS = YES;
				SWIFT_VERSION = 5.0;
				TARGETED_DEVICE_FAMILY = "1,2";
			};
			name = Debug;
		};
		A5BAEAD6279AB55C00FDB95A /* Release */ = {
			isa = XCBuildConfiguration;
			buildSettings = {
				ASSETCATALOG_COMPILER_APPICON_NAME = AppIcon;
				ASSETCATALOG_COMPILER_GLOBAL_ACCENT_COLOR_NAME = AccentColor;
				CODE_SIGN_STYLE = Automatic;
				CURRENT_PROJECT_VERSION = 1;
				DEVELOPMENT_TEAM = S38J3MCDE3;
				GENERATE_INFOPLIST_FILE = YES;
				INFOPLIST_FILE = TestTaskPhoto/Info.plist;
				INFOPLIST_KEY_UIApplicationSupportsIndirectInputEvents = YES;
				INFOPLIST_KEY_UILaunchStoryboardName = LaunchScreen;
				INFOPLIST_KEY_UIMainStoryboardFile = Main;
				INFOPLIST_KEY_UISupportedInterfaceOrientations_iPad = "UIInterfaceOrientationPortrait UIInterfaceOrientationPortraitUpsideDown UIInterfaceOrientationLandscapeLeft UIInterfaceOrientationLandscapeRight";
				INFOPLIST_KEY_UISupportedInterfaceOrientations_iPhone = "UIInterfaceOrientationPortrait UIInterfaceOrientationLandscapeLeft UIInterfaceOrientationLandscapeRight";
				LD_RUNPATH_SEARCH_PATHS = (
					"$(inherited)",
					"@executable_path/Frameworks",
				);
				MARKETING_VERSION = 1.0;
				PRODUCT_BUNDLE_IDENTIFIER = Fourteen.TestTaskPhoto;
				PRODUCT_NAME = "$(TARGET_NAME)";
				SWIFT_EMIT_LOC_STRINGS = YES;
				SWIFT_VERSION = 5.0;
				TARGETED_DEVICE_FAMILY = "1,2";
			};
			name = Release;
		};
/* End XCBuildConfiguration section */

/* Begin XCConfigurationList section */
		A5BAEABB279AB55400FDB95A /* Build configuration list for PBXProject "TestTaskPhoto" */ = {
			isa = XCConfigurationList;
			buildConfigurations = (
				A5BAEAD2279AB55C00FDB95A /* Debug */,
				A5BAEAD3279AB55C00FDB95A /* Release */,
			);
			defaultConfigurationIsVisible = 0;
			defaultConfigurationName = Release;
		};
		A5BAEAD4279AB55C00FDB95A /* Build configuration list for PBXNativeTarget "TestTaskPhoto" */ = {
			isa = XCConfigurationList;
			buildConfigurations = (
				A5BAEAD5279AB55C00FDB95A /* Debug */,
				A5BAEAD6279AB55C00FDB95A /* Release */,
			);
			defaultConfigurationIsVisible = 0;
			defaultConfigurationName = Release;
		};
/* End XCConfigurationList section */
	};
	rootObject = A5BAEAB8279AB55400FDB95A /* Project object */;
}
